
Microsoft Visual Studio Solution File, Format Version 12.00
# Visual Studio Version 17
VisualStudioVersion = 17.10.34928.147
MinimumVisualStudioVersion = 10.0.40219.1
Project("{FAE04EC0-301F-11D3-BF4B-00C04F79EFBC}") = "Consumidor.Mensageria", "Consumidor.Mensageria\Consumidor.Mensageria.csproj", "{E1C7B30D-AD8D-42C9-9D69-4C56DEC1CF30}"
EndProject
Global
	GlobalSection(SolutionConfigurationPlatforms) = preSolution
		Debug|Any CPU = Debug|Any CPU
		Release|Any CPU = Release|Any CPU
	EndGlobalSection
	GlobalSection(ProjectConfigurationPlatforms) = postSolution
		{E1C7B30D-AD8D-42C9-9D69-4C56DEC1CF30}.Debug|Any CPU.ActiveCfg = Debug|Any CPU
		{E1C7B30D-AD8D-42C9-9D69-4C56DEC1CF30}.Debug|Any CPU.Build.0 = Debug|Any CPU
		{E1C7B30D-AD8D-42C9-9D69-4C56DEC1CF30}.Release|Any CPU.ActiveCfg = Release|Any CPU
		{E1C7B30D-AD8D-42C9-9D69-4C56DEC1CF30}.Release|Any CPU.Build.0 = Release|Any CPU
	EndGlobalSection
	GlobalSection(SolutionProperties) = preSolution
		HideSolutionNode = FALSE
	EndGlobalSection
	GlobalSection(ExtensibilityGlobals) = postSolution
		SolutionGuid = {9295DF89-69C0-4F91-8343-91F0114E247F}
	EndGlobalSection
EndGlobal
